
Microsoft Visual Studio Solution File, Format Version 11.00
# Visual C# Express 2010
Project("{FAE04EC0-301F-11D3-BF4B-00C04F79EFBC}") = "Chess", "Chess\Chess\Chess.csproj", "{8D49AAA7-49E2-4490-826C-EA96C3975190}"
EndProject
Project("{96E2B04D-8817-42C6-938A-82C39BA4D311}") = "ChessContent", "Chess\ChessContent\ChessContent.contentproj", "{7D1AA8F4-D8EE-4733-A935-851B9BACCAC5}"
EndProject
Global
	GlobalSection(SolutionConfigurationPlatforms) = preSolution
		Debug|x86 = Debug|x86
		Release|x86 = Release|x86
	EndGlobalSection
	GlobalSection(ProjectConfigurationPlatforms) = postSolution
		{8D49AAA7-49E2-4490-826C-EA96C3975190}.Debug|x86.ActiveCfg = Debug|x86
		{8D49AAA7-49E2-4490-826C-EA96C3975190}.Debug|x86.Build.0 = Debug|x86
		{8D49AAA7-49E2-4490-826C-EA96C3975190}.Release|x86.ActiveCfg = Release|x86
		{8D49AAA7-49E2-4490-826C-EA96C3975190}.Release|x86.Build.0 = Release|x86
		{7D1AA8F4-D8EE-4733-A935-851B9BACCAC5}.Debug|x86.ActiveCfg = Debug|x86
		{7D1AA8F4-D8EE-4733-A935-851B9BACCAC5}.Release|x86.ActiveCfg = Release|x86
	EndGlobalSection
	GlobalSection(SolutionProperties) = preSolution
		HideSolutionNode = FALSE
	EndGlobalSection
EndGlobal
